
Microsoft Visual Studio Solution File, Format Version 12.00
# Visual Studio Version 16
VisualStudioVersion = 16.0.29009.5
MinimumVisualStudioVersion = 10.0.40219.1
Project("{FAE04EC0-301F-11D3-BF4B-00C04F79EFBC}") = "The Clockwise Spiral", "The Clockwise Spiral\The Clockwise Spiral.csproj", "{CFFB6177-BA26-4752-B665-8947BE653DFD}"
EndProject
Project("{FAE04EC0-301F-11D3-BF4B-00C04F79EFBC}") = "BEDMAS Calculator", "BEDMAS Calculator\BEDMAS Calculator.csproj", "{ED1B49FE-3FBE-4191-8518-BF4CEF7F0363}"
EndProject
Project("{FAE04EC0-301F-11D3-BF4B-00C04F79EFBC}") = "BEDMAS Calculator V2", "BEDMAS Calculator V2\BEDMAS Calculator V2.csproj", "{352E17D8-3EFF-43AE-8584-A3FBF0F2AC8D}"
EndProject
Global
	GlobalSection(SolutionConfigurationPlatforms) = preSolution
		Debug|Any CPU = Debug|Any CPU
		Release|Any CPU = Release|Any CPU
	EndGlobalSection
	GlobalSection(ProjectConfigurationPlatforms) = postSolution
		{CFFB6177-BA26-4752-B665-8947BE653DFD}.Debug|Any CPU.ActiveCfg = Debug|Any CPU
		{CFFB6177-BA26-4752-B665-8947BE653DFD}.Debug|Any CPU.Build.0 = Debug|Any CPU
		{CFFB6177-BA26-4752-B665-8947BE653DFD}.Release|Any CPU.ActiveCfg = Release|Any CPU
		{CFFB6177-BA26-4752-B665-8947BE653DFD}.Release|Any CPU.Build.0 = Release|Any CPU
		{ED1B49FE-3FBE-4191-8518-BF4CEF7F0363}.Debug|Any CPU.ActiveCfg = Debug|Any CPU
		{ED1B49FE-3FBE-4191-8518-BF4CEF7F0363}.Debug|Any CPU.Build.0 = Debug|Any CPU
		{ED1B49FE-3FBE-4191-8518-BF4CEF7F0363}.Release|Any CPU.ActiveCfg = Release|Any CPU
		{ED1B49FE-3FBE-4191-8518-BF4CEF7F0363}.Release|Any CPU.Build.0 = Release|Any CPU
		{352E17D8-3EFF-43AE-8584-A3FBF0F2AC8D}.Debug|Any CPU.ActiveCfg = Debug|Any CPU
		{352E17D8-3EFF-43AE-8584-A3FBF0F2AC8D}.Debug|Any CPU.Build.0 = Debug|Any CPU
		{352E17D8-3EFF-43AE-8584-A3FBF0F2AC8D}.Release|Any CPU.ActiveCfg = Release|Any CPU
		{352E17D8-3EFF-43AE-8584-A3FBF0F2AC8D}.Release|Any CPU.Build.0 = Release|Any CPU
	EndGlobalSection
	GlobalSection(SolutionProperties) = preSolution
		HideSolutionNode = FALSE
	EndGlobalSection
	GlobalSection(ExtensibilityGlobals) = postSolution
		SolutionGuid = {D360C6B3-8D70-43C7-9764-081DAE7962CA}
	EndGlobalSection
EndGlobal
