
Microsoft Visual Studio Solution File, Format Version 12.00
# Visual Studio Version 16
VisualStudioVersion = 16.0.29009.5
MinimumVisualStudioVersion = 10.0.40219.1
Project("{FAE04EC0-301F-11D3-BF4B-00C04F79EFBC}") = "The Clockwise Spiral", "The Clockwise Spiral\The Clockwise Spiral.csproj", "{CFFB6177-BA26-4752-B665-8947BE653DFD}"
EndProject
Project("{FAE04EC0-301F-11D3-BF4B-00C04F79EFBC}") = "BEDMAS Calculator", "BEDMAS Calculator\BEDMAS Calculator.csproj", "{ED1B49FE-3FBE-4191-8518-BF4CEF7F0363}"
EndProject
Project("{FAE04EC0-301F-11D3-BF4B-00C04F79EFBC}") = "BEDMAS Calculator (V2)", "BEDMAS Calculator (V2)\BEDMAS Calculator (V2).csproj", "{26318DE0-638F-4E4C-9012-B5DC23017487}"
EndProject
Project("{FAE04EC0-301F-11D3-BF4B-00C04F79EFBC}") = "BEDMAS CALCULATOR (V3)", "BEDMAS CALCULATOR (V3)\BEDMAS CALCULATOR (V3).csproj", "{4C08D1A1-8E2A-47E9-B55D-BB973EC6251B}"
EndProject
Project("{FAE04EC0-301F-11D3-BF4B-00C04F79EFBC}") = "BEDMAS CALCULATOR (V4)", "BEDMAS CALCULATOR (V4)\BEDMAS CALCULATOR (V4).csproj", "{29149C21-727C-4F09-8C0E-492B1954B589}"
EndProject
Project("{FAE04EC0-301F-11D3-BF4B-00C04F79EFBC}") = "BEDMAS CALCULATOR (Final)", "BEDMAS CALCULATOR (Final)\BEDMAS CALCULATOR (Final).csproj", "{0289A631-4EE0-4AF5-A2E3-3A8FDF00CACD}"
EndProject
Project("{FAE04EC0-301F-11D3-BF4B-00C04F79EFBC}") = "Square Root", "Square Root\Square Root.csproj", "{D4F012C2-CD74-465E-B319-4BB1E40D9E44}"
EndProject
Project("{FAE04EC0-301F-11D3-BF4B-00C04F79EFBC}") = "Meeting", "Meeting\Meeting.csproj", "{409C8492-2585-4325-97DA-5098870FB458}"
EndProject
Project("{FAE04EC0-301F-11D3-BF4B-00C04F79EFBC}") = "Packing Your Backpack", "Packing Your Backpack\Packing Your Backpack.csproj", "{9FC41359-C9BC-4E20-97FF-7D7B73E25432}"
EndProject
Project("{FAE04EC0-301F-11D3-BF4B-00C04F79EFBC}") = "Last digit of a huge number", "Last digit of a huge number\Last digit of a huge number.csproj", "{5AE60882-72B3-45DC-85FE-FD5EA8BF78EE}"
EndProject
Global
	GlobalSection(SolutionConfigurationPlatforms) = preSolution
		Debug|Any CPU = Debug|Any CPU
		Release|Any CPU = Release|Any CPU
	EndGlobalSection
	GlobalSection(ProjectConfigurationPlatforms) = postSolution
		{CFFB6177-BA26-4752-B665-8947BE653DFD}.Debug|Any CPU.ActiveCfg = Debug|Any CPU
		{CFFB6177-BA26-4752-B665-8947BE653DFD}.Debug|Any CPU.Build.0 = Debug|Any CPU
		{CFFB6177-BA26-4752-B665-8947BE653DFD}.Release|Any CPU.ActiveCfg = Release|Any CPU
		{CFFB6177-BA26-4752-B665-8947BE653DFD}.Release|Any CPU.Build.0 = Release|Any CPU
		{ED1B49FE-3FBE-4191-8518-BF4CEF7F0363}.Debug|Any CPU.ActiveCfg = Debug|Any CPU
		{ED1B49FE-3FBE-4191-8518-BF4CEF7F0363}.Debug|Any CPU.Build.0 = Debug|Any CPU
		{ED1B49FE-3FBE-4191-8518-BF4CEF7F0363}.Release|Any CPU.ActiveCfg = Release|Any CPU
		{ED1B49FE-3FBE-4191-8518-BF4CEF7F0363}.Release|Any CPU.Build.0 = Release|Any CPU
		{26318DE0-638F-4E4C-9012-B5DC23017487}.Debug|Any CPU.ActiveCfg = Debug|Any CPU
		{26318DE0-638F-4E4C-9012-B5DC23017487}.Debug|Any CPU.Build.0 = Debug|Any CPU
		{26318DE0-638F-4E4C-9012-B5DC23017487}.Release|Any CPU.ActiveCfg = Release|Any CPU
		{26318DE0-638F-4E4C-9012-B5DC23017487}.Release|Any CPU.Build.0 = Release|Any CPU
		{4C08D1A1-8E2A-47E9-B55D-BB973EC6251B}.Debug|Any CPU.ActiveCfg = Debug|Any CPU
		{4C08D1A1-8E2A-47E9-B55D-BB973EC6251B}.Debug|Any CPU.Build.0 = Debug|Any CPU
		{4C08D1A1-8E2A-47E9-B55D-BB973EC6251B}.Release|Any CPU.ActiveCfg = Release|Any CPU
		{4C08D1A1-8E2A-47E9-B55D-BB973EC6251B}.Release|Any CPU.Build.0 = Release|Any CPU
		{29149C21-727C-4F09-8C0E-492B1954B589}.Debug|Any CPU.ActiveCfg = Debug|Any CPU
		{29149C21-727C-4F09-8C0E-492B1954B589}.Debug|Any CPU.Build.0 = Debug|Any CPU
		{29149C21-727C-4F09-8C0E-492B1954B589}.Release|Any CPU.ActiveCfg = Release|Any CPU
		{29149C21-727C-4F09-8C0E-492B1954B589}.Release|Any CPU.Build.0 = Release|Any CPU
		{0289A631-4EE0-4AF5-A2E3-3A8FDF00CACD}.Debug|Any CPU.ActiveCfg = Debug|Any CPU
		{0289A631-4EE0-4AF5-A2E3-3A8FDF00CACD}.Debug|Any CPU.Build.0 = Debug|Any CPU
		{0289A631-4EE0-4AF5-A2E3-3A8FDF00CACD}.Release|Any CPU.ActiveCfg = Release|Any CPU
		{0289A631-4EE0-4AF5-A2E3-3A8FDF00CACD}.Release|Any CPU.Build.0 = Release|Any CPU
		{D4F012C2-CD74-465E-B319-4BB1E40D9E44}.Debug|Any CPU.ActiveCfg = Debug|Any CPU
		{D4F012C2-CD74-465E-B319-4BB1E40D9E44}.Debug|Any CPU.Build.0 = Debug|Any CPU
		{D4F012C2-CD74-465E-B319-4BB1E40D9E44}.Release|Any CPU.ActiveCfg = Release|Any CPU
		{D4F012C2-CD74-465E-B319-4BB1E40D9E44}.Release|Any CPU.Build.0 = Release|Any CPU
		{409C8492-2585-4325-97DA-5098870FB458}.Debug|Any CPU.ActiveCfg = Debug|Any CPU
		{409C8492-2585-4325-97DA-5098870FB458}.Debug|Any CPU.Build.0 = Debug|Any CPU
		{409C8492-2585-4325-97DA-5098870FB458}.Release|Any CPU.ActiveCfg = Release|Any CPU
		{409C8492-2585-4325-97DA-5098870FB458}.Release|Any CPU.Build.0 = Release|Any CPU
		{9FC41359-C9BC-4E20-97FF-7D7B73E25432}.Debug|Any CPU.ActiveCfg = Debug|Any CPU
		{9FC41359-C9BC-4E20-97FF-7D7B73E25432}.Debug|Any CPU.Build.0 = Debug|Any CPU
		{9FC41359-C9BC-4E20-97FF-7D7B73E25432}.Release|Any CPU.ActiveCfg = Release|Any CPU
		{9FC41359-C9BC-4E20-97FF-7D7B73E25432}.Release|Any CPU.Build.0 = Release|Any CPU
		{5AE60882-72B3-45DC-85FE-FD5EA8BF78EE}.Debug|Any CPU.ActiveCfg = Debug|Any CPU
		{5AE60882-72B3-45DC-85FE-FD5EA8BF78EE}.Debug|Any CPU.Build.0 = Debug|Any CPU
		{5AE60882-72B3-45DC-85FE-FD5EA8BF78EE}.Release|Any CPU.ActiveCfg = Release|Any CPU
		{5AE60882-72B3-45DC-85FE-FD5EA8BF78EE}.Release|Any CPU.Build.0 = Release|Any CPU
	EndGlobalSection
	GlobalSection(SolutionProperties) = preSolution
		HideSolutionNode = FALSE
	EndGlobalSection
	GlobalSection(ExtensibilityGlobals) = postSolution
		SolutionGuid = {D360C6B3-8D70-43C7-9764-081DAE7962CA}
	EndGlobalSection
EndGlobal
