
Microsoft Visual Studio Solution File, Format Version 12.00
# Visual Studio Version 16
VisualStudioVersion = 16.0.29009.5
MinimumVisualStudioVersion = 10.0.40219.1
Project("{FAE04EC0-301F-11D3-BF4B-00C04F79EFBC}") = "Your Order, Please", "Your Order, Please\Your Order, Please.csproj", "{39829B54-D8AE-4F63-8DF5-0CE7AF9EA977}"
EndProject
Project("{FAE04EC0-301F-11D3-BF4B-00C04F79EFBC}") = "Sum Of Numbers", "Sum Of Numbers\Sum Of Numbers.csproj", "{8DF9FA11-E726-42E0-9C95-786C7CE23F10}"
EndProject
Project("{FAE04EC0-301F-11D3-BF4B-00C04F79EFBC}") = "Exes and Ohs", "Exes and Ohs\Exes and Ohs.csproj", "{BCE29100-9C11-42C7-9D26-9EBF16D0F1B7}"
EndProject
Project("{FAE04EC0-301F-11D3-BF4B-00C04F79EFBC}") = "Sort The Odd", "Sort The Odd\Sort The Odd.csproj", "{64BC9FB9-0D2E-4275-8655-91A060C58B63}"
EndProject
Project("{FAE04EC0-301F-11D3-BF4B-00C04F79EFBC}") = "Is A Number Prime", "Is A Number Prime\Is A Number Prime.csproj", "{E8BE29A6-1F0C-47EC-91D7-2922CDD3748D}"
EndProject
Project("{FAE04EC0-301F-11D3-BF4B-00C04F79EFBC}") = "Stop gninnipS My sdroW", "Stop gninnipS My sdroW\Stop gninnipS My sdroW.csproj", "{9D16262D-50CC-4D73-A67B-430EAA7822FE}"
EndProject
Project("{FAE04EC0-301F-11D3-BF4B-00C04F79EFBC}") = "Simple Pig Latin", "Simple Pig Latin\Simple Pig Latin.csproj", "{0792A699-C4DE-4AB9-B04E-1465C04FF2C0}"
EndProject
Global
	GlobalSection(SolutionConfigurationPlatforms) = preSolution
		Debug|Any CPU = Debug|Any CPU
		Release|Any CPU = Release|Any CPU
	EndGlobalSection
	GlobalSection(ProjectConfigurationPlatforms) = postSolution
		{39829B54-D8AE-4F63-8DF5-0CE7AF9EA977}.Debug|Any CPU.ActiveCfg = Debug|Any CPU
		{39829B54-D8AE-4F63-8DF5-0CE7AF9EA977}.Debug|Any CPU.Build.0 = Debug|Any CPU
		{39829B54-D8AE-4F63-8DF5-0CE7AF9EA977}.Release|Any CPU.ActiveCfg = Release|Any CPU
		{39829B54-D8AE-4F63-8DF5-0CE7AF9EA977}.Release|Any CPU.Build.0 = Release|Any CPU
		{8DF9FA11-E726-42E0-9C95-786C7CE23F10}.Debug|Any CPU.ActiveCfg = Debug|Any CPU
		{8DF9FA11-E726-42E0-9C95-786C7CE23F10}.Debug|Any CPU.Build.0 = Debug|Any CPU
		{8DF9FA11-E726-42E0-9C95-786C7CE23F10}.Release|Any CPU.ActiveCfg = Release|Any CPU
		{8DF9FA11-E726-42E0-9C95-786C7CE23F10}.Release|Any CPU.Build.0 = Release|Any CPU
		{BCE29100-9C11-42C7-9D26-9EBF16D0F1B7}.Debug|Any CPU.ActiveCfg = Debug|Any CPU
		{BCE29100-9C11-42C7-9D26-9EBF16D0F1B7}.Debug|Any CPU.Build.0 = Debug|Any CPU
		{BCE29100-9C11-42C7-9D26-9EBF16D0F1B7}.Release|Any CPU.ActiveCfg = Release|Any CPU
		{BCE29100-9C11-42C7-9D26-9EBF16D0F1B7}.Release|Any CPU.Build.0 = Release|Any CPU
		{64BC9FB9-0D2E-4275-8655-91A060C58B63}.Debug|Any CPU.ActiveCfg = Debug|Any CPU
		{64BC9FB9-0D2E-4275-8655-91A060C58B63}.Debug|Any CPU.Build.0 = Debug|Any CPU
		{64BC9FB9-0D2E-4275-8655-91A060C58B63}.Release|Any CPU.ActiveCfg = Release|Any CPU
		{64BC9FB9-0D2E-4275-8655-91A060C58B63}.Release|Any CPU.Build.0 = Release|Any CPU
		{E8BE29A6-1F0C-47EC-91D7-2922CDD3748D}.Debug|Any CPU.ActiveCfg = Debug|Any CPU
		{E8BE29A6-1F0C-47EC-91D7-2922CDD3748D}.Debug|Any CPU.Build.0 = Debug|Any CPU
		{E8BE29A6-1F0C-47EC-91D7-2922CDD3748D}.Release|Any CPU.ActiveCfg = Release|Any CPU
		{E8BE29A6-1F0C-47EC-91D7-2922CDD3748D}.Release|Any CPU.Build.0 = Release|Any CPU
		{9D16262D-50CC-4D73-A67B-430EAA7822FE}.Debug|Any CPU.ActiveCfg = Debug|Any CPU
		{9D16262D-50CC-4D73-A67B-430EAA7822FE}.Debug|Any CPU.Build.0 = Debug|Any CPU
		{9D16262D-50CC-4D73-A67B-430EAA7822FE}.Release|Any CPU.ActiveCfg = Release|Any CPU
		{9D16262D-50CC-4D73-A67B-430EAA7822FE}.Release|Any CPU.Build.0 = Release|Any CPU
		{0792A699-C4DE-4AB9-B04E-1465C04FF2C0}.Debug|Any CPU.ActiveCfg = Debug|Any CPU
		{0792A699-C4DE-4AB9-B04E-1465C04FF2C0}.Debug|Any CPU.Build.0 = Debug|Any CPU
		{0792A699-C4DE-4AB9-B04E-1465C04FF2C0}.Release|Any CPU.ActiveCfg = Release|Any CPU
		{0792A699-C4DE-4AB9-B04E-1465C04FF2C0}.Release|Any CPU.Build.0 = Release|Any CPU
	EndGlobalSection
	GlobalSection(SolutionProperties) = preSolution
		HideSolutionNode = FALSE
	EndGlobalSection
	GlobalSection(ExtensibilityGlobals) = postSolution
		SolutionGuid = {54BF138C-9026-4FEF-B388-4AB399F65ABD}
	EndGlobalSection
EndGlobal
